lockfileVersion: 5.4

specifiers:
  fs-extra: ^11.1.1
  http: 0.0.1-security
  multiparty: ^4.2.3

dependencies:
  fs-extra: registry.npmjs.org/fs-extra/11.1.1
  http: registry.npmjs.org/http/0.0.1-security
  multiparty: registry.npmjs.org/multiparty/4.2.3

packages:

  registry.npmjs.org/depd/1.1.2:
    resolution: {integrity: sha512-7emPTl6Dpo6JRXOXjLRxck+FlLRX5847cLKEn00PLAgc3g2hTZZgr+e4c2v6QpSmLeFP3n5yUo7ft6avBK/5jQ==, registry: https://registry.yarnpkg.com/, tarball: https://registry.npmjs.org/depd/-/depd-1.1.2.tgz}
    name: depd
    version: 1.1.2
    engines: {node: '>= 0.6'}
    dev: false

  registry.npmjs.org/fs-extra/11.1.1:
    resolution: {integrity: sha512-MGIE4HOvQCeUCzmlHs0vXpih4ysz4wg9qiSAu6cd42lVwPbTM1TjV7RusoyQqMmk/95gdQZX72u+YW+c3eEpFQ==, registry: https://registry.yarnpkg.com/, tarball: https://registry.npmjs.org/fs-extra/-/fs-extra-11.1.1.tgz}
    name: fs-extra
    version: 11.1.1
    engines: {node: '>=14.14'}
    dependencies:
      graceful-fs: registry.npmjs.org/graceful-fs/4.2.11
      jsonfile: registry.npmjs.org/jsonfile/6.1.0
      universalify: registry.npmjs.org/universalify/2.0.0
    dev: false

  registry.npmjs.org/graceful-fs/4.2.11:
    resolution: {integrity: sha512-RbJ5/jmFcNNCcDV5o9eTnBLJ/HszWV0P73bc+Ff4nS/rJj+YaS6IGyiOL0VoBYX+l1Wrl3k63h/KrH+nhJ0XvQ==, registry: https://registry.yarnpkg.com/, tarball: https://registry.npmjs.org/graceful-fs/-/graceful-fs-4.2.11.tgz}
    name: graceful-fs
    version: 4.2.11
    dev: false

  registry.npmjs.org/http-errors/1.8.1:
    resolution: {integrity: sha512-Kpk9Sm7NmI+RHhnj6OIWDI1d6fIoFAtFt9RLaTMRlg/8w49juAStsrBgp0Dp4OdxdVbRIeKhtCUvoi/RuAhO4g==, registry: https://registry.yarnpkg.com/, tarball: https://registry.npmjs.org/http-errors/-/http-errors-1.8.1.tgz}
    name: http-errors
    version: 1.8.1
    engines: {node: '>= 0.6'}
    dependencies:
      depd: registry.npmjs.org/depd/1.1.2
      inherits: registry.npmjs.org/inherits/2.0.4
      setprototypeof: registry.npmjs.org/setprototypeof/1.2.0
      statuses: registry.npmjs.org/statuses/1.5.0
      toidentifier: registry.npmjs.org/toidentifier/1.0.1
    dev: false

  registry.npmjs.org/http/0.0.1-security:
    resolution: {integrity: sha512-RnDvP10Ty9FxqOtPZuxtebw1j4L/WiqNMDtuc1YMH1XQm5TgDRaR1G9u8upL6KD1bXHSp9eSXo/ED+8Q7FAr+g==, registry: https://registry.yarnpkg.com/, tarball: https://registry.npmjs.org/http/-/http-0.0.1-security.tgz}
    name: http
    version: 0.0.1-security
    dev: false

  registry.npmjs.org/inherits/2.0.4:
    resolution: {integrity: sha512-k/vGaX4/Yla3WzyMCvTQOXYeIHvqOKtnqBduzTHpzpQZzAskKMhZ2K+EnBiSM9zGSoIFeMpXKxa4dYeZIQqewQ==, registry: https://registry.yarnpkg.com/, tarball: https://registry.npmjs.org/inherits/-/inherits-2.0.4.tgz}
    name: inherits
    version: 2.0.4
    dev: false

  registry.npmjs.org/jsonfile/6.1.0:
    resolution: {integrity: sha512-5dgndWOriYSm5cnYaJNhalLNDKOqFwyDB/rr1E9ZsGciGvKPs8R2xYGCacuf3z6K1YKDz182fd+fY3cn3pMqXQ==, registry: https://registry.yarnpkg.com/, tarball: https://registry.npmjs.org/jsonfile/-/jsonfile-6.1.0.tgz}
    name: jsonfile
    version: 6.1.0
    dependencies:
      universalify: registry.npmjs.org/universalify/2.0.0
    optionalDependencies:
      graceful-fs: registry.npmjs.org/graceful-fs/4.2.11
    dev: false

  registry.npmjs.org/multiparty/4.2.3:
    resolution: {integrity: sha512-Ak6EUJZuhGS8hJ3c2fY6UW5MbkGUPMBEGd13djUzoY/BHqV/gTuFWtC6IuVA7A2+v3yjBS6c4or50xhzTQZImQ==, registry: https://registry.yarnpkg.com/, tarball: https://registry.npmjs.org/multiparty/-/multiparty-4.2.3.tgz}
    name: multiparty
    version: 4.2.3
    engines: {node: '>= 0.10'}
    dependencies:
      http-errors: registry.npmjs.org/http-errors/1.8.1
      safe-buffer: registry.npmjs.org/safe-buffer/5.2.1
      uid-safe: registry.npmjs.org/uid-safe/2.1.5
    dev: false

  registry.npmjs.org/random-bytes/1.0.0:
    resolution: {integrity: sha512-iv7LhNVO047HzYR3InF6pUcUsPQiHTM1Qal51DcGSuZFBil1aBBWG5eHPNek7bvILMaYJ/8RU1e8w1AMdHmLQQ==, registry: https://registry.yarnpkg.com/, tarball: https://registry.npmjs.org/random-bytes/-/random-bytes-1.0.0.tgz}
    name: random-bytes
    version: 1.0.0
    engines: {node: '>= 0.8'}
    dev: false

  registry.npmjs.org/safe-buffer/5.2.1:
    resolution: {integrity: sha512-rp3So07KcdmmKbGvgaNxQSJr7bGVSVk5S9Eq1F+ppbRo70+YeaDxkw5Dd8NPN+GD6bjnYm2VuPuCXmpuYvmCXQ==, registry: https://registry.yarnpkg.com/, tarball: https://registry.npmjs.org/safe-buffer/-/safe-buffer-5.2.1.tgz}
    name: safe-buffer
    version: 5.2.1
    dev: false

  registry.npmjs.org/setprototypeof/1.2.0:
    resolution: {integrity: sha512-E5LDX7Wrp85Kil5bhZv46j8jOeboKq5JMmYM3gVGdGH8xFpPWXUMsNrlODCrkoxMEeNi/XZIwuRvY4XNwYMJpw==, registry: https://registry.yarnpkg.com/, tarball: https://registry.npmjs.org/setprototypeof/-/setprototypeof-1.2.0.tgz}
    name: setprototypeof
    version: 1.2.0
    dev: false

  registry.npmjs.org/statuses/1.5.0:
    resolution: {integrity: sha512-OpZ3zP+jT1PI7I8nemJX4AKmAX070ZkYPVWV/AaKTJl+tXCTGyVdC1a4SL8RUQYEwk/f34ZX8UTykN68FwrqAA==, registry: https://registry.yarnpkg.com/, tarball: https://registry.npmjs.org/statuses/-/statuses-1.5.0.tgz}
    name: statuses
    version: 1.5.0
    engines: {node: '>= 0.6'}
    dev: false

  registry.npmjs.org/toidentifier/1.0.1:
    resolution: {integrity: sha512-o5sSPKEkg/DIQNmH43V0/uerLrpzVedkUh8tGNvaeXpfpuwjKenlSox/2O/BTlZUtEe+JG7s5YhEz608PlAHRA==, registry: https://registry.yarnpkg.com/, tarball: https://registry.npmjs.org/toidentifier/-/toidentifier-1.0.1.tgz}
    name: toidentifier
    version: 1.0.1
    engines: {node: '>=0.6'}
    dev: false

  registry.npmjs.org/uid-safe/2.1.5:
    resolution: {integrity: sha512-KPHm4VL5dDXKz01UuEd88Df+KzynaohSL9fBh096KWAxSKZQDI2uBrVqtvRM4rwrIrRRKsdLNML/lnaaVSRioA==, registry: https://registry.yarnpkg.com/, tarball: https://registry.npmjs.org/uid-safe/-/uid-safe-2.1.5.tgz}
    name: uid-safe
    version: 2.1.5
    engines: {node: '>= 0.8'}
    dependencies:
      random-bytes: registry.npmjs.org/random-bytes/1.0.0
    dev: false

  registry.npmjs.org/universalify/2.0.0:
    resolution: {integrity: sha512-hAZsKq7Yy11Zu1DE0OzWjw7nnLZmJZYTDZZyEFHZdUhV8FkH5MCfoU1XMaxXovpyW5nq5scPqq0ZDP9Zyl04oQ==, registry: https://registry.yarnpkg.com/, tarball: https://registry.npmjs.org/universalify/-/universalify-2.0.0.tgz}
    name: universalify
    version: 2.0.0
    engines: {node: '>= 10.0.0'}
    dev: false
